
Microsoft Visual Studio Solution File, Format Version 12.00
# Visual Studio Version 17
VisualStudioVersion = 17.0.31903.59
MinimumVisualStudioVersion = 10.0.40219.1
Project("{FAE04EC0-301F-11D3-BF4B-00C04F79EFBC}") = "ULTRAINTERFACE", "ULTRAINTERFACE\ULTRAINTERFACE.csproj", "{8B45B055-EC9C-427E-B8A7-CE5920243114}"
EndProject
Project("{FAE04EC0-301F-11D3-BF4B-00C04F79EFBC}") = "ExampleUI", "ExampleUI\ExampleUI.csproj", "{B897A8C0-5D2A-4EA9-B075-6688A070B8BC}"
EndProject
Global
	GlobalSection(SolutionConfigurationPlatforms) = preSolution
		Debug|Any CPU = Debug|Any CPU
		Release|Any CPU = Release|Any CPU
	EndGlobalSection
	GlobalSection(SolutionProperties) = preSolution
		HideSolutionNode = FALSE
	EndGlobalSection
	GlobalSection(ProjectConfigurationPlatforms) = postSolution
		{8B45B055-EC9C-427E-B8A7-CE5920243114}.Debug|Any CPU.ActiveCfg = Debug|Any CPU
		{8B45B055-EC9C-427E-B8A7-CE5920243114}.Debug|Any CPU.Build.0 = Debug|Any CPU
		{8B45B055-EC9C-427E-B8A7-CE5920243114}.Release|Any CPU.ActiveCfg = Release|Any CPU
		{8B45B055-EC9C-427E-B8A7-CE5920243114}.Release|Any CPU.Build.0 = Release|Any CPU
		{B897A8C0-5D2A-4EA9-B075-6688A070B8BC}.Debug|Any CPU.ActiveCfg = Debug|Any CPU
		{B897A8C0-5D2A-4EA9-B075-6688A070B8BC}.Debug|Any CPU.Build.0 = Debug|Any CPU
		{B897A8C0-5D2A-4EA9-B075-6688A070B8BC}.Release|Any CPU.ActiveCfg = Release|Any CPU
		{B897A8C0-5D2A-4EA9-B075-6688A070B8BC}.Release|Any CPU.Build.0 = Release|Any CPU
	EndGlobalSection
EndGlobal
